
Microsoft Visual Studio Solution File, Format Version 12.00
# Visual Studio Version 17
VisualStudioVersion = 17.3.32922.545
MinimumVisualStudioVersion = 10.0.40219.1
Project("{9A19103F-16F7-4668-BE54-9A1E7A4F7556}") = "Entities", "Entities\Entities.csproj", "{2850C60E-8798-4325-8038-4C9EC218681F}"
EndProject
Project("{9A19103F-16F7-4668-BE54-9A1E7A4F7556}") = "DataAccess", "DataAccess\DataAccess.csproj", "{3C53765B-F69D-40FF-ACDF-0FAB1D85346C}"
EndProject
Project("{9A19103F-16F7-4668-BE54-9A1E7A4F7556}") = "Business", "Business\Business.csproj", "{A6559637-9907-4520-B457-12ECEC3CD308}"
EndProject
Project("{9A19103F-16F7-4668-BE54-9A1E7A4F7556}") = "RentCarUI", "RentCarUI\RentCarUI.csproj", "{7A4CB465-FF53-43B5-8E4D-1020B2CA0BE4}"
EndProject
Project("{FAE04EC0-301F-11D3-BF4B-00C04F79EFBC}") = "Core", "Core\Core.csproj", "{8744FCC8-1CC1-4F28-964D-514E2298E307}"
EndProject
Global
	GlobalSection(SolutionConfigurationPlatforms) = preSolution
		Debug|Any CPU = Debug|Any CPU
		Release|Any CPU = Release|Any CPU
	EndGlobalSection
	GlobalSection(ProjectConfigurationPlatforms) = postSolution
		{2850C60E-8798-4325-8038-4C9EC218681F}.Debug|Any CPU.ActiveCfg = Debug|Any CPU
		{2850C60E-8798-4325-8038-4C9EC218681F}.Debug|Any CPU.Build.0 = Debug|Any CPU
		{2850C60E-8798-4325-8038-4C9EC218681F}.Release|Any CPU.ActiveCfg = Release|Any CPU
		{2850C60E-8798-4325-8038-4C9EC218681F}.Release|Any CPU.Build.0 = Release|Any CPU
		{3C53765B-F69D-40FF-ACDF-0FAB1D85346C}.Debug|Any CPU.ActiveCfg = Debug|Any CPU
		{3C53765B-F69D-40FF-ACDF-0FAB1D85346C}.Debug|Any CPU.Build.0 = Debug|Any CPU
		{3C53765B-F69D-40FF-ACDF-0FAB1D85346C}.Release|Any CPU.ActiveCfg = Release|Any CPU
		{3C53765B-F69D-40FF-ACDF-0FAB1D85346C}.Release|Any CPU.Build.0 = Release|Any CPU
		{A6559637-9907-4520-B457-12ECEC3CD308}.Debug|Any CPU.ActiveCfg = Debug|Any CPU
		{A6559637-9907-4520-B457-12ECEC3CD308}.Debug|Any CPU.Build.0 = Debug|Any CPU
		{A6559637-9907-4520-B457-12ECEC3CD308}.Release|Any CPU.ActiveCfg = Release|Any CPU
		{A6559637-9907-4520-B457-12ECEC3CD308}.Release|Any CPU.Build.0 = Release|Any CPU
		{7A4CB465-FF53-43B5-8E4D-1020B2CA0BE4}.Debug|Any CPU.ActiveCfg = Debug|Any CPU
		{7A4CB465-FF53-43B5-8E4D-1020B2CA0BE4}.Debug|Any CPU.Build.0 = Debug|Any CPU
		{7A4CB465-FF53-43B5-8E4D-1020B2CA0BE4}.Release|Any CPU.ActiveCfg = Release|Any CPU
		{7A4CB465-FF53-43B5-8E4D-1020B2CA0BE4}.Release|Any CPU.Build.0 = Release|Any CPU
		{8744FCC8-1CC1-4F28-964D-514E2298E307}.Debug|Any CPU.ActiveCfg = Debug|Any CPU
		{8744FCC8-1CC1-4F28-964D-514E2298E307}.Debug|Any CPU.Build.0 = Debug|Any CPU
		{8744FCC8-1CC1-4F28-964D-514E2298E307}.Release|Any CPU.ActiveCfg = Release|Any CPU
		{8744FCC8-1CC1-4F28-964D-514E2298E307}.Release|Any CPU.Build.0 = Release|Any CPU
	EndGlobalSection
	GlobalSection(SolutionProperties) = preSolution
		HideSolutionNode = FALSE
	EndGlobalSection
	GlobalSection(ExtensibilityGlobals) = postSolution
		SolutionGuid = {09E51C6C-645E-4144-BF54-F63063ED89D8}
	EndGlobalSection
EndGlobal
